
Microsoft Visual Studio Solution File, Format Version 12.00
# Visual Studio Version 17
VisualStudioVersion = 17.6.33829.357
MinimumVisualStudioVersion = 10.0.40219.1
Project("{9A19103F-16F7-4668-BE54-9A1E7A4F7556}") = "TMS.Api", "TMS.Api\TMS.Api.csproj", "{0E311E61-84E1-413D-A30C-C64477C9EC57}"
EndProject
Project("{FAE04EC0-301F-11D3-BF4B-00C04F79EFBC}") = "TestProjectTMS", "TestProjectTMS\TestProjectTMS.csproj", "{9E76884B-0D23-436A-B915-FE42EF2797DA}"
EndProject
Global
	GlobalSection(SolutionConfigurationPlatforms) = preSolution
		Debug|Any CPU = Debug|Any CPU
		Release|Any CPU = Release|Any CPU
	EndGlobalSection
	GlobalSection(ProjectConfigurationPlatforms) = postSolution
		{0E311E61-84E1-413D-A30C-C64477C9EC57}.Debug|Any CPU.ActiveCfg = Debug|Any CPU
		{0E311E61-84E1-413D-A30C-C64477C9EC57}.Debug|Any CPU.Build.0 = Debug|Any CPU
		{0E311E61-84E1-413D-A30C-C64477C9EC57}.Release|Any CPU.ActiveCfg = Release|Any CPU
		{0E311E61-84E1-413D-A30C-C64477C9EC57}.Release|Any CPU.Build.0 = Release|Any CPU
		{9E76884B-0D23-436A-B915-FE42EF2797DA}.Debug|Any CPU.ActiveCfg = Debug|Any CPU
		{9E76884B-0D23-436A-B915-FE42EF2797DA}.Debug|Any CPU.Build.0 = Debug|Any CPU
		{9E76884B-0D23-436A-B915-FE42EF2797DA}.Release|Any CPU.ActiveCfg = Release|Any CPU
		{9E76884B-0D23-436A-B915-FE42EF2797DA}.Release|Any CPU.Build.0 = Release|Any CPU
	EndGlobalSection
	GlobalSection(SolutionProperties) = preSolution
		HideSolutionNode = FALSE
	EndGlobalSection
	GlobalSection(ExtensibilityGlobals) = postSolution
		SolutionGuid = {FEA0CC88-0E7B-49EC-A0EF-28AE77CDF31F}
	EndGlobalSection
EndGlobal
